{
  "pins" : [
    {
      "identity" : "pulse",
      "kind" : "remoteSourceControl",
      "location" : "https://github.com/kean/Pulse",
      "state" : {
        "revision" : "d647e99f06abc94d63579e335ad4ce368195c149",
        "version" : "4.0.5"
      }
    },
    {
      "identity" : "swift-duration",
      "kind" : "remoteSourceControl",
      "location" : "https://github.com/longinius/swift-duration.git",
      "state" : {
        "revision" : "f791096071b85c1c8781f6ab52b1b4e45c0de819",
        "version" : "1.0.0"
      }
    },
    {
      "identity" : "swiftformat",
      "kind" : "remoteSourceControl",
      "location" : "https://github.com/nicklockwood/SwiftFormat",
      "state" : {
        "revision" : "9e5d0d588ab6e271fe9887ec3dde21d544d4b080",
        "version" : "0.53.5"
      }
    },
    {
      "identity" : "xmlcoder",
      "kind" : "remoteSourceControl",
      "location" : "https://github.com/CoreOffice/XMLCoder.git",
      "state" : {
        "revision" : "b1e944cbd0ef33787b13f639a5418d55b3bed501",
        "version" : "0.17.1"
      }
    }
  ],
  "version" : 2
}
