{
  "pins" : [
    {
      "identity" : "oeviconsswift",
      "kind" : "remoteSourceControl",
      "location" : "https://github.com/r3to/OeVIconsSwift",
      "state" : {
        "branch" : "main",
        "revision" : "3cfe66c00e4b151c678c5a8a5839f2788676eea5"
      }
    },
    {
      "identity" : "pulse",
      "kind" : "remoteSourceControl",
      "location" : "https://github.com/kean/Pulse",
      "state" : {
        "revision" : "3ac5ee35ab233e900aa484919803d51791d1e351",
        "version" : "4.2.7"
      }
    },
    {
      "identity" : "swift-duration",
      "kind" : "remoteSourceControl",
      "location" : "https://github.com/longinius/swift-duration.git",
      "state" : {
        "revision" : "f791096071b85c1c8781f6ab52b1b4e45c0de819",
        "version" : "1.0.0"
      }
    },
    {
      "identity" : "swiftformat",
      "kind" : "remoteSourceControl",
      "location" : "https://github.com/nicklockwood/SwiftFormat",
      "state" : {
        "revision" : "2d5a2b6bde636c1feae2c852ab9a50f221e98c66",
        "version" : "0.55.3"
      }
    },
    {
      "identity" : "xmlcoder",
      "kind" : "remoteSourceControl",
      "location" : "https://github.com/CoreOffice/XMLCoder.git",
      "state" : {
        "revision" : "b1e944cbd0ef33787b13f639a5418d55b3bed501",
        "version" : "0.17.1"
      }
    }
  ],
  "version" : 2
}
