// !$*UTF8*$!
{
	archiveVersion = 1;
	classes = {
	};
	objectVersion = 70;
	objects = {

/* Begin PBXBuildFile section */
		CF06B9F32BBE7DD000B60917 /* Pulse in Frameworks */ = {isa = PBXBuildFile; productRef = CF06B9F22BBE7DD000B60917 /* Pulse */; };
		CF06B9F52BBE7DD000B60917 /* PulseUI in Frameworks */ = {isa = PBXBuildFile; productRef = CF06B9F42BBE7DD000B60917 /* PulseUI */; };
		CFF227B32BBD63AC00D3EADF /* OJP in Frameworks */ = {isa = PBXBuildFile; productRef = CFF227B22BBD63AC00D3EADF /* OJP */; };
		CFFB00A62CFDE60D007D3ED2 /* OEVIcons in Frameworks */ = {isa = PBXBuildFile; productRef = CFFB00A52CFDE60D007D3ED2 /* OEVIcons */; };
		CFFB00A92CFDEED9007D3ED2 /* OEVIcons in Frameworks */ = {isa = PBXBuildFile; productRef = CFFB00A82CFDEED9007D3ED2 /* OEVIcons */; };
/* End PBXBuildFile section */

/* Begin PBXContainerItemProxy section */
		CFBA60C92BBD610F000FF2ED /* PBXContainerItemProxy */ = {
			isa = PBXContainerItemProxy;
			containerPortal = CFBA60AF2BBD6106000FF2ED /* Project object */;
			proxyType = 1;
			remoteGlobalIDString = CFBA60B62BBD6106000FF2ED;
			remoteInfo = SampleApp;
		};
		CFBA60D32BBD610F000FF2ED /* PBXContainerItemProxy */ = {
			isa = PBXContainerItemProxy;
			containerPortal = CFBA60AF2BBD6106000FF2ED /* Project object */;
			proxyType = 1;
			remoteGlobalIDString = CFBA60B62BBD6106000FF2ED;
			remoteInfo = SampleApp;
		};
/* End PBXContainerItemProxy section */

/* Begin PBXFileReference section */
		CFBA60B72BBD6106000FF2ED /* OJPSampleApp.app */ = {isa = PBXFileReference; explicitFileType = wrapper.application; includeInIndex = 0; path = OJPSampleApp.app; sourceTree = BUILT_PRODUCTS_DIR; };
		CFBA60C82BBD610F000FF2ED /* OJPSampleAppTests.xctest */ = {isa = PBXFileReference; explicitFileType = wrapper.cfbundle; includeInIndex = 0; path = OJPSampleAppTests.xctest; sourceTree = BUILT_PRODUCTS_DIR; };
		CFBA60D22BBD610F000FF2ED /* OJPSampleAppUITests.xctest */ = {isa = PBXFileReference; explicitFileType = wrapper.cfbundle; includeInIndex = 0; path = OJPSampleAppUITests.xctest; sourceTree = BUILT_PRODUCTS_DIR; };
		CFF227B02BBD639000D3EADF /* OJP */ = {isa = PBXFileReference; lastKnownFileType = wrapper; name = OJP; path = ..; sourceTree = "<group>"; };
/* End PBXFileReference section */

/* Begin PBXFileSystemSynchronizedRootGroup section */
		CFF5FA962F50AE20001B6BE2 /* OJPSampleApp */ = {isa = PBXFileSystemSynchronizedRootGroup; explicitFileTypes = {}; explicitFolders = (); path = OJPSampleApp; sourceTree = "<group>"; };
		CFF5FAB82F50AE25001B6BE2 /* OJPSampleAppTests */ = {isa = PBXFileSystemSynchronizedRootGroup; explicitFileTypes = {}; explicitFolders = (); path = OJPSampleAppTests; sourceTree = "<group>"; };
		CFF5FABC2F50AE48001B6BE2 /* OJPSampleAppUITests */ = {isa = PBXFileSystemSynchronizedRootGroup; explicitFileTypes = {}; explicitFolders = (); path = OJPSampleAppUITests; sourceTree = "<group>"; };
/* End PBXFileSystemSynchronizedRootGroup section */

/* Begin PBXFrameworksBuildPhase section */
		CFBA60B42BBD6106000FF2ED /* Frameworks */ = {
			isa = PBXFrameworksBuildPhase;
			buildActionMask = 2147483647;
			files = (
				CF06B9F52BBE7DD000B60917 /* PulseUI in Frameworks */,
				CFFB00A92CFDEED9007D3ED2 /* OEVIcons in Frameworks */,
				CF06B9F32BBE7DD000B60917 /* Pulse in Frameworks */,
				CFFB00A62CFDE60D007D3ED2 /* OEVIcons in Frameworks */,
				CFF227B32BBD63AC00D3EADF /* OJP in Frameworks */,
			);
			runOnlyForDeploymentPostprocessing = 0;
		};
		CFBA60C52BBD610F000FF2ED /* Frameworks */ = {
			isa = PBXFrameworksBuildPhase;
			buildActionMask = 2147483647;
			files = (
			);
			runOnlyForDeploymentPostprocessing = 0;
		};
		CFBA60CF2BBD610F000FF2ED /* Frameworks */ = {
			isa = PBXFrameworksBuildPhase;
			buildActionMask = 2147483647;
			files = (
			);
			runOnlyForDeploymentPostprocessing = 0;
		};
/* End PBXFrameworksBuildPhase section */

/* Begin PBXGroup section */
		CFBA60AE2BBD6106000FF2ED = {
			isa = PBXGroup;
			children = (
				CFF227B02BBD639000D3EADF /* OJP */,
				CFF5FA962F50AE20001B6BE2 /* OJPSampleApp */,
				CFF5FAB82F50AE25001B6BE2 /* OJPSampleAppTests */,
				CFF5FABC2F50AE48001B6BE2 /* OJPSampleAppUITests */,
				CFBA60B82BBD6106000FF2ED /* Products */,
				CFF227B12BBD63AC00D3EADF /* Frameworks */,
			);
			sourceTree = "<group>";
		};
		CFBA60B82BBD6106000FF2ED /* Products */ = {
			isa = PBXGroup;
			children = (
				CFBA60B72BBD6106000FF2ED /* OJPSampleApp.app */,
				CFBA60C82BBD610F000FF2ED /* OJPSampleAppTests.xctest */,
				CFBA60D22BBD610F000FF2ED /* OJPSampleAppUITests.xctest */,
			);
			name = Products;
			sourceTree = "<group>";
		};
		CFF227B12BBD63AC00D3EADF /* Frameworks */ = {
			isa = PBXGroup;
			children = (
			);
			name = Frameworks;
			sourceTree = "<group>";
		};
/* End PBXGroup section */

/* Begin PBXNativeTarget section */
		CFBA60B62BBD6106000FF2ED /* OJPSampleApp */ = {
			isa = PBXNativeTarget;
			buildConfigurationList = CFBA60DC2BBD610F000FF2ED /* Build configuration list for PBXNativeTarget "OJPSampleApp" */;
			buildPhases = (
				CFBA60B32BBD6106000FF2ED /* Sources */,
				CFBA60B42BBD6106000FF2ED /* Frameworks */,
				CFBA60B52BBD6106000FF2ED /* Resources */,
			);
			buildRules = (
			);
			dependencies = (
			);
			fileSystemSynchronizedGroups = (
				CFF5FA962F50AE20001B6BE2 /* OJPSampleApp */,
			);
			name = OJPSampleApp;
			packageProductDependencies = (
				CFF227B22BBD63AC00D3EADF /* OJP */,
				CF06B9F22BBE7DD000B60917 /* Pulse */,
				CF06B9F42BBE7DD000B60917 /* PulseUI */,
				CFFB00A52CFDE60D007D3ED2 /* OEVIcons */,
				CFFB00A82CFDEED9007D3ED2 /* OEVIcons */,
			);
			productName = SampleApp;
			productReference = CFBA60B72BBD6106000FF2ED /* OJPSampleApp.app */;
			productType = "com.apple.product-type.application";
		};
		CFBA60C72BBD610F000FF2ED /* OJPSampleAppTests */ = {
			isa = PBXNativeTarget;
			buildConfigurationList = CFBA60DF2BBD610F000FF2ED /* Build configuration list for PBXNativeTarget "OJPSampleAppTests" */;
			buildPhases = (
				CFBA60C42BBD610F000FF2ED /* Sources */,
				CFBA60C52BBD610F000FF2ED /* Frameworks */,
				CFBA60C62BBD610F000FF2ED /* Resources */,
			);
			buildRules = (
			);
			dependencies = (
				CFBA60CA2BBD610F000FF2ED /* PBXTargetDependency */,
			);
			fileSystemSynchronizedGroups = (
				CFF5FAB82F50AE25001B6BE2 /* OJPSampleAppTests */,
			);
			name = OJPSampleAppTests;
			productName = SampleAppTests;
			productReference = CFBA60C82BBD610F000FF2ED /* OJPSampleAppTests.xctest */;
			productType = "com.apple.product-type.bundle.unit-test";
		};
		CFBA60D12BBD610F000FF2ED /* OJPSampleAppUITests */ = {
			isa = PBXNativeTarget;
			buildConfigurationList = CFBA60E22BBD610F000FF2ED /* Build configuration list for PBXNativeTarget "OJPSampleAppUITests" */;
			buildPhases = (
				CFBA60CE2BBD610F000FF2ED /* Sources */,
				CFBA60CF2BBD610F000FF2ED /* Frameworks */,
				CFBA60D02BBD610F000FF2ED /* Resources */,
			);
			buildRules = (
			);
			dependencies = (
				CFBA60D42BBD610F000FF2ED /* PBXTargetDependency */,
			);
			fileSystemSynchronizedGroups = (
				CFF5FABC2F50AE48001B6BE2 /* OJPSampleAppUITests */,
			);
			name = OJPSampleAppUITests;
			productName = SampleAppUITests;
			productReference = CFBA60D22BBD610F000FF2ED /* OJPSampleAppUITests.xctest */;
			productType = "com.apple.product-type.bundle.ui-testing";
		};
/* End PBXNativeTarget section */

/* Begin PBXProject section */
		CFBA60AF2BBD6106000FF2ED /* Project object */ = {
			isa = PBXProject;
			attributes = {
				BuildIndependentTargetsInParallel = 1;
				LastSwiftUpdateCheck = 1530;
				LastUpgradeCheck = 1540;
				TargetAttributes = {
					CFBA60B62BBD6106000FF2ED = {
						CreatedOnToolsVersion = 15.3;
					};
					CFBA60C72BBD610F000FF2ED = {
						CreatedOnToolsVersion = 15.3;
						TestTargetID = CFBA60B62BBD6106000FF2ED;
					};
					CFBA60D12BBD610F000FF2ED = {
						CreatedOnToolsVersion = 15.3;
						TestTargetID = CFBA60B62BBD6106000FF2ED;
					};
				};
			};
			buildConfigurationList = CFBA60B22BBD6106000FF2ED /* Build configuration list for PBXProject "OJPSampleApp" */;
			compatibilityVersion = "Xcode 14.0";
			developmentRegion = en;
			hasScannedForEncodings = 0;
			knownRegions = (
				en,
				Base,
			);
			mainGroup = CFBA60AE2BBD6106000FF2ED;
			packageReferences = (
				CF06B9F12BBE7DD000B60917 /* XCRemoteSwiftPackageReference "Pulse" */,
				CFFB00A72CFDEED9007D3ED2 /* XCRemoteSwiftPackageReference "oev-icons-swift" */,
			);
			productRefGroup = CFBA60B82BBD6106000FF2ED /* Products */;
			projectDirPath = "";
			projectRoot = "";
			targets = (
				CFBA60B62BBD6106000FF2ED /* OJPSampleApp */,
				CFBA60C72BBD610F000FF2ED /* OJPSampleAppTests */,
				CFBA60D12BBD610F000FF2ED /* OJPSampleAppUITests */,
			);
		};
/* End PBXProject section */

/* Begin PBXResourcesBuildPhase section */
		CFBA60B52BBD6106000FF2ED /* Resources */ = {
			isa = PBXResourcesBuildPhase;
			buildActionMask = 2147483647;
			files = (
			);
			runOnlyForDeploymentPostprocessing = 0;
		};
		CFBA60C62BBD610F000FF2ED /* Resources */ = {
			isa = PBXResourcesBuildPhase;
			buildActionMask = 2147483647;
			files = (
			);
			runOnlyForDeploymentPostprocessing = 0;
		};
		CFBA60D02BBD610F000FF2ED /* Resources */ = {
			isa = PBXResourcesBuildPhase;
			buildActionMask = 2147483647;
			files = (
			);
			runOnlyForDeploymentPostprocessing = 0;
		};
/* End PBXResourcesBuildPhase section */

/* Begin PBXSourcesBuildPhase section */
		CFBA60B32BBD6106000FF2ED /* Sources */ = {
			isa = PBXSourcesBuildPhase;
			buildActionMask = 2147483647;
			files = (
			);
			runOnlyForDeploymentPostprocessing = 0;
		};
		CFBA60C42BBD610F000FF2ED /* Sources */ = {
			isa = PBXSourcesBuildPhase;
			buildActionMask = 2147483647;
			files = (
			);
			runOnlyForDeploymentPostprocessing = 0;
		};
		CFBA60CE2BBD610F000FF2ED /* Sources */ = {
			isa = PBXSourcesBuildPhase;
			buildActionMask = 2147483647;
			files = (
			);
			runOnlyForDeploymentPostprocessing = 0;
		};
/* End PBXSourcesBuildPhase section */

/* Begin PBXTargetDependency section */
		CFBA60CA2BBD610F000FF2ED /* PBXTargetDependency */ = {
			isa = PBXTargetDependency;
			target = CFBA60B62BBD6106000FF2ED /* OJPSampleApp */;
			targetProxy = CFBA60C92BBD610F000FF2ED /* PBXContainerItemProxy */;
		};
		CFBA60D42BBD610F000FF2ED /* PBXTargetDependency */ = {
			isa = PBXTargetDependency;
			target = CFBA60B62BBD6106000FF2ED /* OJPSampleApp */;
			targetProxy = CFBA60D32BBD610F000FF2ED /* PBXContainerItemProxy */;
		};
/* End PBXTargetDependency section */

/* Begin XCBuildConfiguration section */
		CFBA60DA2BBD610F000FF2ED /* Debug */ = {
			isa = XCBuildConfiguration;
			buildSettings = {
				ALWAYS_SEARCH_USER_PATHS = NO;
				ASSETCATALOG_COMPILER_GENERATE_SWIFT_ASSET_SYMBOL_EXTENSIONS = YES;
				CLANG_ANALYZER_NONNULL = YES;
				CLANG_ANALYZER_NUMBER_OBJECT_CONVERSION = YES_AGGRESSIVE;
				CLANG_CXX_LANGUAGE_STANDARD = "gnu++20";
				CLANG_ENABLE_MODULES = YES;
				CLANG_ENABLE_OBJC_ARC = YES;
				CLANG_ENABLE_OBJC_WEAK = YES;
				CLANG_WARN_BLOCK_CAPTURE_AUTORELEASING = YES;
				CLANG_WARN_BOOL_CONVERSION = YES;
				CLANG_WARN_COMMA = YES;
				CLANG_WARN_CONSTANT_CONVERSION = YES;
				CLANG_WARN_DEPRECATED_OBJC_IMPLEMENTATIONS = YES;
				CLANG_WARN_DIRECT_OBJC_ISA_USAGE = YES_ERROR;
				CLANG_WARN_DOCUMENTATION_COMMENTS = YES;
				CLANG_WARN_EMPTY_BODY = YES;
				CLANG_WARN_ENUM_CONVERSION = YES;
				CLANG_WARN_INFINITE_RECURSION = YES;
				CLANG_WARN_INT_CONVERSION = YES;
				CLANG_WARN_NON_LITERAL_NULL_CONVERSION = YES;
				CLANG_WARN_OBJC_IMPLICIT_RETAIN_SELF = YES;
				CLANG_WARN_OBJC_LITERAL_CONVERSION = YES;
				CLANG_WARN_OBJC_ROOT_CLASS = YES_ERROR;
				CLANG_WARN_QUOTED_INCLUDE_IN_FRAMEWORK_HEADER = YES;
				CLANG_WARN_RANGE_LOOP_ANALYSIS = YES;
				CLANG_WARN_STRICT_PROTOTYPES = YES;
				CLANG_WARN_SUSPICIOUS_MOVE = YES;
				CLANG_WARN_UNGUARDED_AVAILABILITY = YES_AGGRESSIVE;
				CLANG_WARN_UNREACHABLE_CODE = YES;
				CLANG_WARN__DUPLICATE_METHOD_MATCH = YES;
				COPY_PHASE_STRIP = NO;
				DEAD_CODE_STRIPPING = YES;
				DEBUG_INFORMATION_FORMAT = dwarf;
				ENABLE_STRICT_OBJC_MSGSEND = YES;
				ENABLE_TESTABILITY = YES;
				ENABLE_USER_SCRIPT_SANDBOXING = YES;
				GCC_C_LANGUAGE_STANDARD = gnu17;
				GCC_DYNAMIC_NO_PIC = NO;
				GCC_NO_COMMON_BLOCKS = YES;
				GCC_OPTIMIZATION_LEVEL = 0;
				GCC_PREPROCESSOR_DEFINITIONS = (
					"DEBUG=1",
					"$(inherited)",
				);
				GCC_WARN_64_TO_32_BIT_CONVERSION = YES;
				GCC_WARN_ABOUT_RETURN_TYPE = YES_ERROR;
				GCC_WARN_UNDECLARED_SELECTOR = YES;
				GCC_WARN_UNINITIALIZED_AUTOS = YES_AGGRESSIVE;
				GCC_WARN_UNUSED_FUNCTION = YES;
				GCC_WARN_UNUSED_VARIABLE = YES;
				LOCALIZATION_PREFERS_STRING_CATALOGS = YES;
				MTL_ENABLE_DEBUG_INFO = INCLUDE_SOURCE;
				MTL_FAST_MATH = YES;
				ONLY_ACTIVE_ARCH = YES;
				SWIFT_ACTIVE_COMPILATION_CONDITIONS = "DEBUG $(inherited)";
				SWIFT_OPTIMIZATION_LEVEL = "-Onone";
				SWIFT_STRICT_CONCURRENCY = complete;
			};
			name = Debug;
		};
		CFBA60DB2BBD610F000FF2ED /* Release */ = {
			isa = XCBuildConfiguration;
			buildSettings = {
				ALWAYS_SEARCH_USER_PATHS = NO;
				ASSETCATALOG_COMPILER_GENERATE_SWIFT_ASSET_SYMBOL_EXTENSIONS = YES;
				CLANG_ANALYZER_NONNULL = YES;
				CLANG_ANALYZER_NUMBER_OBJECT_CONVERSION = YES_AGGRESSIVE;
				CLANG_CXX_LANGUAGE_STANDARD = "gnu++20";
				CLANG_ENABLE_MODULES = YES;
				CLANG_ENABLE_OBJC_ARC = YES;
				CLANG_ENABLE_OBJC_WEAK = YES;
				CLANG_WARN_BLOCK_CAPTURE_AUTORELEASING = YES;
				CLANG_WARN_BOOL_CONVERSION = YES;
				CLANG_WARN_COMMA = YES;
				CLANG_WARN_CONSTANT_CONVERSION = YES;
				CLANG_WARN_DEPRECATED_OBJC_IMPLEMENTATIONS = YES;
				CLANG_WARN_DIRECT_OBJC_ISA_USAGE = YES_ERROR;
				CLANG_WARN_DOCUMENTATION_COMMENTS = YES;
				CLANG_WARN_EMPTY_BODY = YES;
				CLANG_WARN_ENUM_CONVERSION = YES;
				CLANG_WARN_INFINITE_RECURSION = YES;
				CLANG_WARN_INT_CONVERSION = YES;
				CLANG_WARN_NON_LITERAL_NULL_CONVERSION = YES;
				CLANG_WARN_OBJC_IMPLICIT_RETAIN_SELF = YES;
				CLANG_WARN_OBJC_LITERAL_CONVERSION = YES;
				CLANG_WARN_OBJC_ROOT_CLASS = YES_ERROR;
				CLANG_WARN_QUOTED_INCLUDE_IN_FRAMEWORK_HEADER = YES;
				CLANG_WARN_RANGE_LOOP_ANALYSIS = YES;
				CLANG_WARN_STRICT_PROTOTYPES = YES;
				CLANG_WARN_SUSPICIOUS_MOVE = YES;
				CLANG_WARN_UNGUARDED_AVAILABILITY = YES_AGGRESSIVE;
				CLANG_WARN_UNREACHABLE_CODE = YES;
				CLANG_WARN__DUPLICATE_METHOD_MATCH = YES;
				COPY_PHASE_STRIP = NO;
				DEAD_CODE_STRIPPING = YES;
				DEBUG_INFORMATION_FORMAT = "dwarf-with-dsym";
				ENABLE_NS_ASSERTIONS = NO;
				ENABLE_STRICT_OBJC_MSGSEND = YES;
				ENABLE_USER_SCRIPT_SANDBOXING = YES;
				GCC_C_LANGUAGE_STANDARD = gnu17;
				GCC_NO_COMMON_BLOCKS = YES;
				GCC_WARN_64_TO_32_BIT_CONVERSION = YES;
				GCC_WARN_ABOUT_RETURN_TYPE = YES_ERROR;
				GCC_WARN_UNDECLARED_SELECTOR = YES;
				GCC_WARN_UNINITIALIZED_AUTOS = YES_AGGRESSIVE;
				GCC_WARN_UNUSED_FUNCTION = YES;
				GCC_WARN_UNUSED_VARIABLE = YES;
				LOCALIZATION_PREFERS_STRING_CATALOGS = YES;
				MTL_ENABLE_DEBUG_INFO = NO;
				MTL_FAST_MATH = YES;
				SWIFT_COMPILATION_MODE = wholemodule;
				SWIFT_STRICT_CONCURRENCY = complete;
			};
			name = Release;
		};
		CFBA60DD2BBD610F000FF2ED /* Debug */ = {
			isa = XCBuildConfiguration;
			buildSettings = {
				ASSETCATALOG_COMPILER_APPICON_NAME = AppIcon;
				ASSETCATALOG_COMPILER_GLOBAL_ACCENT_COLOR_NAME = AccentColor;
				CODE_SIGN_ENTITLEMENTS = OJPSampleApp/OJPSampleApp.entitlements;
				CODE_SIGN_STYLE = Manual;
				CURRENT_PROJECT_VERSION = 1;
				DEAD_CODE_STRIPPING = YES;
				DEVELOPMENT_ASSET_PATHS = "OJPSampleApp/Preview\\ Content/tr-with-transfer-legs.xml OJPSampleApp/Preview\\ Content/tr-perf-be-zh-20results-projection.xml OJPSampleApp/Preview\\ Content";
				DEVELOPMENT_TEAM = "";
				ENABLE_PREVIEWS = YES;
				GENERATE_INFOPLIST_FILE = YES;
				"INFOPLIST_KEY_UIApplicationSceneManifest_Generation[sdk=iphoneos*]" = YES;
				"INFOPLIST_KEY_UIApplicationSceneManifest_Generation[sdk=iphonesimulator*]" = YES;
				"INFOPLIST_KEY_UIApplicationSupportsIndirectInputEvents[sdk=iphoneos*]" = YES;
				"INFOPLIST_KEY_UIApplicationSupportsIndirectInputEvents[sdk=iphonesimulator*]" = YES;
				"INFOPLIST_KEY_UILaunchScreen_Generation[sdk=iphoneos*]" = YES;
				"INFOPLIST_KEY_UILaunchScreen_Generation[sdk=iphonesimulator*]" = YES;
				"INFOPLIST_KEY_UIStatusBarStyle[sdk=iphoneos*]" = UIStatusBarStyleDefault;
				"INFOPLIST_KEY_UIStatusBarStyle[sdk=iphonesimulator*]" = UIStatusBarStyleDefault;
				INFOPLIST_KEY_UISupportedInterfaceOrientations_iPad = "UIInterfaceOrientationPortrait UIInterfaceOrientationPortraitUpsideDown UIInterfaceOrientationLandscapeLeft UIInterfaceOrientationLandscapeRight";
				INFOPLIST_KEY_UISupportedInterfaceOrientations_iPhone = "UIInterfaceOrientationPortrait UIInterfaceOrientationLandscapeLeft UIInterfaceOrientationLandscapeRight";
				IPHONEOS_DEPLOYMENT_TARGET = 17.4;
				LD_RUNPATH_SEARCH_PATHS = "@executable_path/Frameworks";
				"LD_RUNPATH_SEARCH_PATHS[sdk=macosx*]" = "@executable_path/../Frameworks";
				MACOSX_DEPLOYMENT_TARGET = 14.0;
				MARKETING_VERSION = 1.0;
				PRODUCT_BUNDLE_IDENTIFIER = swiss.opentransportdata.ojp.OJPSampleApp;
				PRODUCT_NAME = "$(TARGET_NAME)";
				PROVISIONING_PROFILE_SPECIFIER = "";
				SDKROOT = auto;
				SUPPORTED_PLATFORMS = "iphoneos iphonesimulator macosx";
				SWIFT_EMIT_LOC_STRINGS = YES;
				SWIFT_VERSION = 5.0;
				TARGETED_DEVICE_FAMILY = "1,2";
			};
			name = Debug;
		};
		CFBA60DE2BBD610F000FF2ED /* Release */ = {
			isa = XCBuildConfiguration;
			buildSettings = {
				ASSETCATALOG_COMPILER_APPICON_NAME = AppIcon;
				ASSETCATALOG_COMPILER_GLOBAL_ACCENT_COLOR_NAME = AccentColor;
				CODE_SIGN_ENTITLEMENTS = OJPSampleApp/OJPSampleApp.entitlements;
				CODE_SIGN_STYLE = Manual;
				CURRENT_PROJECT_VERSION = 1;
				DEAD_CODE_STRIPPING = YES;
				DEVELOPMENT_ASSET_PATHS = "OJPSampleApp/Preview\\ Content/tr-with-transfer-legs.xml OJPSampleApp/Preview\\ Content/tr-perf-be-zh-20results-projection.xml OJPSampleApp/Preview\\ Content";
				DEVELOPMENT_TEAM = "";
				ENABLE_PREVIEWS = YES;
				GENERATE_INFOPLIST_FILE = YES;
				"INFOPLIST_KEY_UIApplicationSceneManifest_Generation[sdk=iphoneos*]" = YES;
				"INFOPLIST_KEY_UIApplicationSceneManifest_Generation[sdk=iphonesimulator*]" = YES;
				"INFOPLIST_KEY_UIApplicationSupportsIndirectInputEvents[sdk=iphoneos*]" = YES;
				"INFOPLIST_KEY_UIApplicationSupportsIndirectInputEvents[sdk=iphonesimulator*]" = YES;
				"INFOPLIST_KEY_UILaunchScreen_Generation[sdk=iphoneos*]" = YES;
				"INFOPLIST_KEY_UILaunchScreen_Generation[sdk=iphonesimulator*]" = YES;
				"INFOPLIST_KEY_UIStatusBarStyle[sdk=iphoneos*]" = UIStatusBarStyleDefault;
				"INFOPLIST_KEY_UIStatusBarStyle[sdk=iphonesimulator*]" = UIStatusBarStyleDefault;
				INFOPLIST_KEY_UISupportedInterfaceOrientations_iPad = "UIInterfaceOrientationPortrait UIInterfaceOrientationPortraitUpsideDown UIInterfaceOrientationLandscapeLeft UIInterfaceOrientationLandscapeRight";
				INFOPLIST_KEY_UISupportedInterfaceOrientations_iPhone = "UIInterfaceOrientationPortrait UIInterfaceOrientationLandscapeLeft UIInterfaceOrientationLandscapeRight";
				IPHONEOS_DEPLOYMENT_TARGET = 17.4;
				LD_RUNPATH_SEARCH_PATHS = "@executable_path/Frameworks";
				"LD_RUNPATH_SEARCH_PATHS[sdk=macosx*]" = "@executable_path/../Frameworks";
				MACOSX_DEPLOYMENT_TARGET = 14.0;
				MARKETING_VERSION = 1.0;
				PRODUCT_BUNDLE_IDENTIFIER = swiss.opentransportdata.ojp.OJPSampleApp;
				PRODUCT_NAME = "$(TARGET_NAME)";
				PROVISIONING_PROFILE_SPECIFIER = "";
				SDKROOT = auto;
				SUPPORTED_PLATFORMS = "iphoneos iphonesimulator macosx";
				SWIFT_EMIT_LOC_STRINGS = YES;
				SWIFT_VERSION = 5.0;
				TARGETED_DEVICE_FAMILY = "1,2";
			};
			name = Release;
		};
		CFBA60E02BBD610F000FF2ED /* Debug */ = {
			isa = XCBuildConfiguration;
			buildSettings = {
				BUNDLE_LOADER = "$(TEST_HOST)";
				CODE_SIGN_STYLE = Automatic;
				CURRENT_PROJECT_VERSION = 1;
				DEAD_CODE_STRIPPING = YES;
				GENERATE_INFOPLIST_FILE = YES;
				IPHONEOS_DEPLOYMENT_TARGET = 17.4;
				MACOSX_DEPLOYMENT_TARGET = 14.2;
				MARKETING_VERSION = 1.0;
				PRODUCT_BUNDLE_IDENTIFIER = swiss.opentransportdata.ojp.SampleAppTests;
				PRODUCT_NAME = "$(TARGET_NAME)";
				SDKROOT = auto;
				SUPPORTED_PLATFORMS = "iphoneos iphonesimulator macosx";
				SWIFT_EMIT_LOC_STRINGS = NO;
				SWIFT_VERSION = 5.0;
				TARGETED_DEVICE_FAMILY = "1,2";
				TEST_HOST = "$(BUILT_PRODUCTS_DIR)/OJPSampleApp.app/$(BUNDLE_EXECUTABLE_FOLDER_PATH)/OJPSampleApp";
			};
			name = Debug;
		};
		CFBA60E12BBD610F000FF2ED /* Release */ = {
			isa = XCBuildConfiguration;
			buildSettings = {
				BUNDLE_LOADER = "$(TEST_HOST)";
				CODE_SIGN_STYLE = Automatic;
				CURRENT_PROJECT_VERSION = 1;
				DEAD_CODE_STRIPPING = YES;
				GENERATE_INFOPLIST_FILE = YES;
				IPHONEOS_DEPLOYMENT_TARGET = 17.4;
				MACOSX_DEPLOYMENT_TARGET = 14.2;
				MARKETING_VERSION = 1.0;
				PRODUCT_BUNDLE_IDENTIFIER = swiss.opentransportdata.ojp.SampleAppTests;
				PRODUCT_NAME = "$(TARGET_NAME)";
				SDKROOT = auto;
				SUPPORTED_PLATFORMS = "iphoneos iphonesimulator macosx";
				SWIFT_EMIT_LOC_STRINGS = NO;
				SWIFT_VERSION = 5.0;
				TARGETED_DEVICE_FAMILY = "1,2";
				TEST_HOST = "$(BUILT_PRODUCTS_DIR)/OJPSampleApp.app/$(BUNDLE_EXECUTABLE_FOLDER_PATH)/OJPSampleApp";
			};
			name = Release;
		};
		CFBA60E32BBD610F000FF2ED /* Debug */ = {
			isa = XCBuildConfiguration;
			buildSettings = {
				CODE_SIGN_STYLE = Automatic;
				CURRENT_PROJECT_VERSION = 1;
				DEAD_CODE_STRIPPING = YES;
				GENERATE_INFOPLIST_FILE = YES;
				IPHONEOS_DEPLOYMENT_TARGET = 17.4;
				MACOSX_DEPLOYMENT_TARGET = 14.2;
				MARKETING_VERSION = 1.0;
				PRODUCT_BUNDLE_IDENTIFIER = swiss.opentransportdata.ojp.SampleAppUITests;
				PRODUCT_NAME = "$(TARGET_NAME)";
				SDKROOT = auto;
				SUPPORTED_PLATFORMS = "iphoneos iphonesimulator macosx";
				SWIFT_EMIT_LOC_STRINGS = NO;
				SWIFT_VERSION = 5.0;
				TARGETED_DEVICE_FAMILY = "1,2";
				TEST_TARGET_NAME = SampleApp;
			};
			name = Debug;
		};
		CFBA60E42BBD610F000FF2ED /* Release */ = {
			isa = XCBuildConfiguration;
			buildSettings = {
				CODE_SIGN_STYLE = Automatic;
				CURRENT_PROJECT_VERSION = 1;
				DEAD_CODE_STRIPPING = YES;
				GENERATE_INFOPLIST_FILE = YES;
				IPHONEOS_DEPLOYMENT_TARGET = 17.4;
				MACOSX_DEPLOYMENT_TARGET = 14.2;
				MARKETING_VERSION = 1.0;
				PRODUCT_BUNDLE_IDENTIFIER = swiss.opentransportdata.ojp.SampleAppUITests;
				PRODUCT_NAME = "$(TARGET_NAME)";
				SDKROOT = auto;
				SUPPORTED_PLATFORMS = "iphoneos iphonesimulator macosx";
				SWIFT_EMIT_LOC_STRINGS = NO;
				SWIFT_VERSION = 5.0;
				TARGETED_DEVICE_FAMILY = "1,2";
				TEST_TARGET_NAME = SampleApp;
			};
			name = Release;
		};
/* End XCBuildConfiguration section */

/* Begin XCConfigurationList section */
		CFBA60B22BBD6106000FF2ED /* Build configuration list for PBXProject "OJPSampleApp" */ = {
			isa = XCConfigurationList;
			buildConfigurations = (
				CFBA60DA2BBD610F000FF2ED /* Debug */,
				CFBA60DB2BBD610F000FF2ED /* Release */,
			);
			defaultConfigurationIsVisible = 0;
			defaultConfigurationName = Release;
		};
		CFBA60DC2BBD610F000FF2ED /* Build configuration list for PBXNativeTarget "OJPSampleApp" */ = {
			isa = XCConfigurationList;
			buildConfigurations = (
				CFBA60DD2BBD610F000FF2ED /* Debug */,
				CFBA60DE2BBD610F000FF2ED /* Release */,
			);
			defaultConfigurationIsVisible = 0;
			defaultConfigurationName = Release;
		};
		CFBA60DF2BBD610F000FF2ED /* Build configuration list for PBXNativeTarget "OJPSampleAppTests" */ = {
			isa = XCConfigurationList;
			buildConfigurations = (
				CFBA60E02BBD610F000FF2ED /* Debug */,
				CFBA60E12BBD610F000FF2ED /* Release */,
			);
			defaultConfigurationIsVisible = 0;
			defaultConfigurationName = Release;
		};
		CFBA60E22BBD610F000FF2ED /* Build configuration list for PBXNativeTarget "OJPSampleAppUITests" */ = {
			isa = XCConfigurationList;
			buildConfigurations = (
				CFBA60E32BBD610F000FF2ED /* Debug */,
				CFBA60E42BBD610F000FF2ED /* Release */,
			);
			defaultConfigurationIsVisible = 0;
			defaultConfigurationName = Release;
		};
/* End XCConfigurationList section */

/* Begin XCRemoteSwiftPackageReference section */
		CF06B9F12BBE7DD000B60917 /* XCRemoteSwiftPackageReference "Pulse" */ = {
			isa = XCRemoteSwiftPackageReference;
			repositoryURL = "https://github.com/kean/Pulse";
			requirement = {
				kind = upToNextMajorVersion;
				minimumVersion = 4.2.7;
			};
		};
		CFFB00A72CFDEED9007D3ED2 /* XCRemoteSwiftPackageReference "oev-icons-swift" */ = {
			isa = XCRemoteSwiftPackageReference;
			repositoryURL = "https://github.com/openTdataCH/oev-icons-swift.git";
			requirement = {
				branch = main;
				kind = branch;
			};
		};
/* End XCRemoteSwiftPackageReference section */

/* Begin XCSwiftPackageProductDependency section */
		CF06B9F22BBE7DD000B60917 /* Pulse */ = {
			isa = XCSwiftPackageProductDependency;
			package = CF06B9F12BBE7DD000B60917 /* XCRemoteSwiftPackageReference "Pulse" */;
			productName = Pulse;
		};
		CF06B9F42BBE7DD000B60917 /* PulseUI */ = {
			isa = XCSwiftPackageProductDependency;
			package = CF06B9F12BBE7DD000B60917 /* XCRemoteSwiftPackageReference "Pulse" */;
			productName = PulseUI;
		};
		CFF227B22BBD63AC00D3EADF /* OJP */ = {
			isa = XCSwiftPackageProductDependency;
			productName = OJP;
		};
		CFFB00A52CFDE60D007D3ED2 /* OEVIcons */ = {
			isa = XCSwiftPackageProductDependency;
			productName = OEVIcons;
		};
		CFFB00A82CFDEED9007D3ED2 /* OEVIcons */ = {
			isa = XCSwiftPackageProductDependency;
			package = CFFB00A72CFDEED9007D3ED2 /* XCRemoteSwiftPackageReference "oev-icons-swift" */;
			productName = OEVIcons;
		};
/* End XCSwiftPackageProductDependency section */
	};
	rootObject = CFBA60AF2BBD6106000FF2ED /* Project object */;
}
